<?xml version="1.0" encoding="utf-8"?>
<Project ToolsVersion="4.0" xmlns="http://schemas.microsoft.com/developer/msbuild/2003">
  <ItemGroup>
    <Filter Include="Quelldateien">
      <UniqueIdentifier>{4FC737F1-C7A5-4376-A066-2A32D752A2FF}</UniqueIdentifier>
      <Extensions>cpp;c;cc;cxx;def;odl;idl;hpj;bat;asm;asmx</Extensions>
    </Filter>
    <Filter Include="Headerdateien">
      <UniqueIdentifier>{93995380-89BD-4b04-88EB-625FBE52EBFB}</UniqueIdentifier>
      <Extensions>h;hh;hpp;hxx;hm;inl;inc;xsd</Extensions>
    </Filter>
    <Filter Include="Ressourcendateien">
      <UniqueIdentifier>{67DA6AB6-F800-4c08-8B7A-83BB121AAD01}</UniqueIdentifier>
      <Extensions>rc;ico;cur;bmp;dlg;rc2;rct;bin;rgs;gif;jpg;jpeg;jpe;resx;tiff;tif;png;wav;mfcribbon-ms</Extensions>
    </Filter>
    <Filter Include="Headerdateien\Framework">
      <UniqueIdentifier>{079a7363-4a53-407e-a99c-0efc7e603597}</UniqueIdentifier>
    </Filter>
    <Filter Include="VisualStudioSpecific">
      <UniqueIdentifier>{61f55cef-d3bf-44ff-8637-f702f22f2fa6}</UniqueIdentifier>
    </Filter>
    <Filter Include="Quelldateien\Framework">
      <UniqueIdentifier>{8c233e95-960f-47ea-9944-5105e0438800}</UniqueIdentifier>
    </Filter>
    <Filter Include="Headerdateien\GameState">
      <UniqueIdentifier>{cd4b4361-8892-4d35-a13a-292b63d5ec4e}</UniqueIdentifier>
    </Filter>
    <Filter Include="Quelldateien\GameState">
      <UniqueIdentifier>{f09259c4-c814-4629-abd1-79a5641b2b3b}</UniqueIdentifier>
    </Filter>
    <Filter Include="Headerdateien\Math">
      <UniqueIdentifier>{660ba89f-0dd1-4d2d-9139-0ee40caa6f7c}</UniqueIdentifier>
    </Filter>
    <Filter Include="Quelldateien\Math">
      <UniqueIdentifier>{0c8a4a89-bbc6-433f-805e-aea0c33bb877}</UniqueIdentifier>
    </Filter>
    <Filter Include="Headerdateien\Track">
      <UniqueIdentifier>{c8be4a19-3971-467f-b365-994253e13c98}</UniqueIdentifier>
    </Filter>
    <Filter Include="Quelldateien\Track">
      <UniqueIdentifier>{038bdd10-0994-4050-8b3c-da3cdb1c65dd}</UniqueIdentifier>
    </Filter>
    <Filter Include="Headerdateien\Car">
      <UniqueIdentifier>{1c1f3ea1-a30e-42b7-9870-865f0e0a7980}</UniqueIdentifier>
    </Filter>
    <Filter Include="Quelldateien\Car">
      <UniqueIdentifier>{69577cf0-1a88-44b9-8238-8de9257380bf}</UniqueIdentifier>
    </Filter>
    <Filter Include="Headerdateien\Collision">
      <UniqueIdentifier>{e5db2572-38bc-4e49-9a48-0697d9f79feb}</UniqueIdentifier>
    </Filter>
    <Filter Include="Quelldateien\Collision">
      <UniqueIdentifier>{b4976913-f325-4bbd-8d05-5b77d6d7fd78}</UniqueIdentifier>
    </Filter>
    <Filter Include="Headerdateien\MainModules">
      <UniqueIdentifier>{b4256903-77c7-475f-be23-40fb288958fd}</UniqueIdentifier>
    </Filter>
    <Filter Include="Quelldateien\MainModules">
      <UniqueIdentifier>{c1300e90-493c-4512-863b-e489762060f5}</UniqueIdentifier>
    </Filter>
    <Filter Include="Headerdateien\ControlElements">
      <UniqueIdentifier>{3a8880ec-8df3-492f-aa27-9b3ebe455346}</UniqueIdentifier>
    </Filter>
    <Filter Include="Quelldateien\ControlElements">
      <UniqueIdentifier>{4602f8c0-c830-4cd1-bdc1-4554470a7437}</UniqueIdentifier>
    </Filter>
    <Filter Include="Headerdateien\Animation">
      <UniqueIdentifier>{7caf7bee-70f4-4d0a-b228-9124884a5a98}</UniqueIdentifier>
    </Filter>
    <Filter Include="Quelldateien\Animation">
      <UniqueIdentifier>{67b3f17f-64bf-4760-8c38-e3d0b96ed19e}</UniqueIdentifier>
    </Filter>
  </ItemGroup>
  <ItemGroup>
    <Text Include="ReadMe.txt" />
  </ItemGroup>
  <ItemGroup>
    <ClInclude Include="stdafx.h">
      <Filter>VisualStudioSpecific</Filter>
    </ClInclude>
    <ClInclude Include="targetver.h">
      <Filter>VisualStudioSpecific</Filter>
    </ClInclude>
    <ClInclude Include="Source\Framework\Framework.hpp">
      <Filter>Headerdateien\Framework</Filter>
    </ClInclude>
    <ClInclude Include="Source\GameState\GameState.hpp">
      <Filter>Headerdateien\GameState</Filter>
    </ClInclude>
    <ClInclude Include="Source\GameState\MainMenuState.hpp">
      <Filter>Headerdateien\GameState</Filter>
    </ClInclude>
    <ClInclude Include="Source\Framework\EventManager.hpp">
      <Filter>Headerdateien\Framework</Filter>
    </ClInclude>
    <ClInclude Include="Source\Framework\TextureManager.hpp">
      <Filter>Headerdateien\Framework</Filter>
    </ClInclude>
    <ClInclude Include="Source\Framework\SoundManager.hpp">
      <Filter>Headerdateien\Framework</Filter>
    </ClInclude>
    <ClInclude Include="Source\Math\mySFMLVectorFunctions.hpp">
      <Filter>Headerdateien\Math</Filter>
    </ClInclude>
    <ClInclude Include="Source\Math\myUsefulMath.hpp">
      <Filter>Headerdateien\Math</Filter>
    </ClInclude>
    <ClInclude Include="Source\Math\ourMatrices.hpp">
      <Filter>Headerdateien\Math</Filter>
    </ClInclude>
    <ClInclude Include="Source\Math\ourVectors.hpp">
      <Filter>Headerdateien\Math</Filter>
    </ClInclude>
    <ClInclude Include="Source\GameState\RaceState.hpp">
      <Filter>Headerdateien\GameState</Filter>
    </ClInclude>
    <ClInclude Include="Source\Track\Track.hpp">
      <Filter>Headerdateien\Track</Filter>
    </ClInclude>
    <ClInclude Include="Source\Car\Car.hpp">
      <Filter>Headerdateien\Car</Filter>
    </ClInclude>
    <ClInclude Include="Source\Car\Brain.hpp">
      <Filter>Headerdateien\Car</Filter>
    </ClInclude>
    <ClInclude Include="Source\Car\BrainOutput.hpp">
      <Filter>Headerdateien\Car</Filter>
    </ClInclude>
    <ClInclude Include="Source\Car\PlayerBrain.hpp">
      <Filter>Headerdateien\Car</Filter>
    </ClInclude>
    <ClInclude Include="Source\Car\BrainType.hpp">
      <Filter>Headerdateien\Car</Filter>
    </ClInclude>
    <ClInclude Include="Source\Collision\CollisionArea.hpp">
      <Filter>Headerdateien\Collision</Filter>
    </ClInclude>
    <ClInclude Include="Source\Collision\Line.hpp">
      <Filter>Headerdateien\Collision</Filter>
    </ClInclude>
    <ClInclude Include="Source\Car\RandomBrain.hpp">
      <Filter>Headerdateien\Car</Filter>
    </ClInclude>
    <ClInclude Include="Source\MainModules\RaceSimulation.hpp">
      <Filter>Headerdateien\MainModules</Filter>
    </ClInclude>
    <ClInclude Include="Source\MainModules\MainMenu.hpp">
      <Filter>Headerdateien\MainModules</Filter>
    </ClInclude>
    <ClInclude Include="Source\ControlElements\Button.hpp">
      <Filter>Headerdateien\ControlElements</Filter>
    </ClInclude>
    <ClInclude Include="Source\ControlElements\ButtonSettings.hpp">
      <Filter>Headerdateien\ControlElements</Filter>
    </ClInclude>
    <ClInclude Include="Source\ControlElements\CheckBox.hpp">
      <Filter>Headerdateien\ControlElements</Filter>
    </ClInclude>
    <ClInclude Include="Source\ControlElements\DropDownMenu.hpp">
      <Filter>Headerdateien\ControlElements</Filter>
    </ClInclude>
    <ClInclude Include="Source\ControlElements\DropDownMenuSettings.hpp">
      <Filter>Headerdateien\ControlElements</Filter>
    </ClInclude>
    <ClInclude Include="Source\ControlElements\TextField.hpp">
      <Filter>Headerdateien\ControlElements</Filter>
    </ClInclude>
    <ClInclude Include="Source\ControlElements\TextFieldSettings.hpp">
      <Filter>Headerdateien\ControlElements</Filter>
    </ClInclude>
    <ClInclude Include="Source\Animation\Animation.hpp">
      <Filter>Headerdateien\Animation</Filter>
    </ClInclude>
    <ClInclude Include="Source\GameState\EditorMenuState.hpp">
      <Filter>Headerdateien\GameState</Filter>
    </ClInclude>
    <ClInclude Include="Source\GameState\EditorState.hpp">
      <Filter>Headerdateien\GameState</Filter>
    </ClInclude>
    <ClInclude Include="Source\GameState\RaceSimMenuState.hpp">
      <Filter>Headerdateien\GameState</Filter>
    </ClInclude>
    <ClInclude Include="Source\MainModules\Editor.hpp">
      <Filter>Headerdateien\MainModules</Filter>
    </ClInclude>
    <ClInclude Include="Source\MainModules\EditorMenu.hpp">
      <Filter>Headerdateien\MainModules</Filter>
    </ClInclude>
    <ClInclude Include="Source\MainModules\RaceSimMenu.hpp">
      <Filter>Headerdateien\MainModules</Filter>
    </ClInclude>
  </ItemGroup>
  <ItemGroup>
    <ClCompile Include="stdafx.cpp">
      <Filter>VisualStudioSpecific</Filter>
    </ClCompile>
    <ClCompile Include="Source\Framework\Framework.cpp">
      <Filter>Quelldateien\Framework</Filter>
    </ClCompile>
    <ClCompile Include="Source\Framework\main.cpp">
      <Filter>Quelldateien\Framework</Filter>
    </ClCompile>
    <ClCompile Include="Source\GameState\GameState.cpp">
      <Filter>Quelldateien\GameState</Filter>
    </ClCompile>
    <ClCompile Include="Source\GameState\MainMenuState.cpp">
      <Filter>Quelldateien\GameState</Filter>
    </ClCompile>
    <ClCompile Include="Source\Framework\EventManager.cpp">
      <Filter>Quelldateien\Framework</Filter>
    </ClCompile>
    <ClCompile Include="Source\Framework\TextureManager.cpp">
      <Filter>Quelldateien\Framework</Filter>
    </ClCompile>
    <ClCompile Include="Source\Framework\SoundManager.cpp">
      <Filter>Quelldateien\Framework</Filter>
    </ClCompile>
    <ClCompile Include="Source\Math\mySFMLVectorFunctions.cpp">
      <Filter>Quelldateien\Math</Filter>
    </ClCompile>
    <ClCompile Include="Source\Math\myUsefulMath.cpp">
      <Filter>Quelldateien\Math</Filter>
    </ClCompile>
    <ClCompile Include="Source\GameState\RaceState.cpp">
      <Filter>Quelldateien\GameState</Filter>
    </ClCompile>
    <ClCompile Include="Source\Track\Track.cpp">
      <Filter>Quelldateien\Track</Filter>
    </ClCompile>
    <ClCompile Include="Source\Car\Car.cpp">
      <Filter>Quelldateien\Car</Filter>
    </ClCompile>
    <ClCompile Include="Source\Car\Brain.cpp">
      <Filter>Quelldateien\Car</Filter>
    </ClCompile>
    <ClCompile Include="Source\Car\BrainOutput.cpp">
      <Filter>Quelldateien\Car</Filter>
    </ClCompile>
    <ClCompile Include="Source\Car\PlayerBrain.cpp">
      <Filter>Quelldateien\Car</Filter>
    </ClCompile>
    <ClCompile Include="Source\Collision\CollisionArea.cpp">
      <Filter>Quelldateien\Collision</Filter>
    </ClCompile>
    <ClCompile Include="Source\Collision\Line.cpp">
      <Filter>Quelldateien\Collision</Filter>
    </ClCompile>
    <ClCompile Include="Source\Car\RandomBrain.cpp">
      <Filter>Quelldateien\Car</Filter>
    </ClCompile>
    <ClCompile Include="Source\MainModules\RaceSimulation.cpp">
      <Filter>Quelldateien\MainModules</Filter>
    </ClCompile>
    <ClCompile Include="Source\MainModules\MainMenu.cpp">
      <Filter>Quelldateien\MainModules</Filter>
    </ClCompile>
    <ClCompile Include="Source\ControlElements\Button.cpp">
      <Filter>Quelldateien\ControlElements</Filter>
    </ClCompile>
    <ClCompile Include="Source\ControlElements\ButtonSettings.cpp">
      <Filter>Quelldateien\ControlElements</Filter>
    </ClCompile>
    <ClCompile Include="Source\ControlElements\CheckBox.cpp">
      <Filter>Quelldateien\ControlElements</Filter>
    </ClCompile>
    <ClCompile Include="Source\ControlElements\DropDownMenu.cpp">
      <Filter>Quelldateien\ControlElements</Filter>
    </ClCompile>
    <ClCompile Include="Source\ControlElements\DropDownMenuSettings.cpp">
      <Filter>Quelldateien\ControlElements</Filter>
    </ClCompile>
    <ClCompile Include="Source\ControlElements\TextField.cpp">
      <Filter>Quelldateien\ControlElements</Filter>
    </ClCompile>
    <ClCompile Include="Source\ControlElements\TextFieldSettings.cpp">
      <Filter>Quelldateien\ControlElements</Filter>
    </ClCompile>
    <ClCompile Include="Source\Animation\Animation.cpp">
      <Filter>Quelldateien\Animation</Filter>
    </ClCompile>
    <ClCompile Include="Source\GameState\EditorMenuState.cpp">
      <Filter>Quelldateien\GameState</Filter>
    </ClCompile>
    <ClCompile Include="Source\GameState\EditorState.cpp">
      <Filter>Quelldateien\GameState</Filter>
    </ClCompile>
    <ClCompile Include="Source\GameState\RaceSimMenuState.cpp">
      <Filter>Quelldateien\GameState</Filter>
    </ClCompile>
    <ClCompile Include="Source\MainModules\Editor.cpp">
      <Filter>Quelldateien\MainModules</Filter>
    </ClCompile>
    <ClCompile Include="Source\MainModules\EditorMenu.cpp">
      <Filter>Quelldateien\MainModules</Filter>
    </ClCompile>
    <ClCompile Include="Source\MainModules\RaceSimMenu.cpp">
      <Filter>Quelldateien\MainModules</Filter>
    </ClCompile>
  </ItemGroup>
</Project>